// !$*UTF8*$!
{
	archiveVersion = 1;
	classes = {
	};
	objectVersion = 50;
	objects = {

/* Begin PBXBuildFile section */
		C0A29DC923559B9400D3B51D /* AppDelegate.swift in Sources */ = {isa = PBXBuildFile; fileRef = C0A29DC823559B9400D3B51D /* AppDelegate.swift */; };
		C0A29DCB23559B9400D3B51D /* SceneDelegate.swift in Sources */ = {isa = PBXBuildFile; fileRef = C0A29DCA23559B9400D3B51D /* SceneDelegate.swift */; };
		C0A29DCD23559B9400D3B51D /* ViewController.swift in Sources */ = {isa = PBXBuildFile; fileRef = C0A29DCC23559B9400D3B51D /* ViewController.swift */; };
		C0A29DD023559B9400D3B51D /* Main.storyboard in Resources */ = {isa = PBXBuildFile; fileRef = C0A29DCE23559B9400D3B51D /* Main.storyboard */; };
		C0A29DD223559B9600D3B51D /* Assets.xcassets in Resources */ = {isa = PBXBuildFile; fileRef = C0A29DD123559B9600D3B51D /* Assets.xcassets */; };
		C0A29DD523559B9600D3B51D /* LaunchScreen.storyboard in Resources */ = {isa = PBXBuildFile; fileRef = C0A29DD323559B9600D3B51D /* LaunchScreen.storyboard */; };
		C0A29DE223559C0000D3B51D /* IAPManager.swift in Sources */ = {isa = PBXBuildFile; fileRef = C0A29DE123559C0000D3B51D /* IAPManager.swift */; };
		C0A29DE423559C1900D3B51D /* Model.swift in Sources */ = {isa = PBXBuildFile; fileRef = C0A29DE323559C1800D3B51D /* Model.swift */; };
		C0A29DE723559C6A00D3B51D /* SettingsManageable.swift in Sources */ = {isa = PBXBuildFile; fileRef = C0A29DE623559C6A00D3B51D /* SettingsManageable.swift */; };
		C0A29DE923559C8B00D3B51D /* ViewModel.swift in Sources */ = {isa = PBXBuildFile; fileRef = C0A29DE823559C8B00D3B51D /* ViewModel.swift */; };
		C0A29DEB2355A19A00D3B51D /* CustomCell.swift in Sources */ = {isa = PBXBuildFile; fileRef = C0A29DEA2355A19A00D3B51D /* CustomCell.swift */; };
		C0A29DED2355A1CE00D3B51D /* ConsumablesCell.xib in Resources */ = {isa = PBXBuildFile; fileRef = C0A29DEC2355A1CE00D3B51D /* ConsumablesCell.xib */; };
		C0A29DEF2355A1F800D3B51D /* NonConsumablesCell.xib in Resources */ = {isa = PBXBuildFile; fileRef = C0A29DEE2355A1F800D3B51D /* NonConsumablesCell.xib */; };
		C0A29DF72355B0DC00D3B51D /* IAP_ProductIDs.plist in Resources */ = {isa = PBXBuildFile; fileRef = C0A29DF62355B0DC00D3B51D /* IAP_ProductIDs.plist */; };
/* End PBXBuildFile section */

/* Begin PBXFileReference section */
		C0A29DC523559B9400D3B51D /* FakeGame.app */ = {isa = PBXFileReference; explicitFileType = wrapper.application; includeInIndex = 0; path = FakeGame.app; sourceTree = BUILT_PRODUCTS_DIR; };
		C0A29DC823559B9400D3B51D /* AppDelegate.swift */ = {isa = PBXFileReference; lastKnownFileType = sourcecode.swift; path = AppDelegate.swift; sourceTree = "<group>"; };
		C0A29DCA23559B9400D3B51D /* SceneDelegate.swift */ = {isa = PBXFileReference; lastKnownFileType = sourcecode.swift; path = SceneDelegate.swift; sourceTree = "<group>"; };
		C0A29DCC23559B9400D3B51D /* ViewController.swift */ = {isa = PBXFileReference; lastKnownFileType = sourcecode.swift; path = ViewController.swift; sourceTree = "<group>"; };
		C0A29DCF23559B9400D3B51D /* Base */ = {isa = PBXFileReference; lastKnownFileType = file.storyboard; name = Base; path = Base.lproj/Main.storyboard; sourceTree = "<group>"; };
		C0A29DD123559B9600D3B51D /* Assets.xcassets */ = {isa = PBXFileReference; lastKnownFileType = folder.assetcatalog; path = Assets.xcassets; sourceTree = "<group>"; };
		C0A29DD423559B9600D3B51D /* Base */ = {isa = PBXFileReference; lastKnownFileType = file.storyboard; name = Base; path = Base.lproj/LaunchScreen.storyboard; sourceTree = "<group>"; };
		C0A29DD623559B9600D3B51D /* Info.plist */ = {isa = PBXFileReference; lastKnownFileType = text.plist.xml; path = Info.plist; sourceTree = "<group>"; };
		C0A29DE123559C0000D3B51D /* IAPManager.swift */ = {isa = PBXFileReference; lastKnownFileType = sourcecode.swift; path = IAPManager.swift; sourceTree = "<group>"; };
		C0A29DE323559C1800D3B51D /* Model.swift */ = {isa = PBXFileReference; lastKnownFileType = sourcecode.swift; path = Model.swift; sourceTree = "<group>"; };
		C0A29DE623559C6A00D3B51D /* SettingsManageable.swift */ = {isa = PBXFileReference; fileEncoding = 4; lastKnownFileType = sourcecode.swift; path = SettingsManageable.swift; sourceTree = "<group>"; };
		C0A29DE823559C8B00D3B51D /* ViewModel.swift */ = {isa = PBXFileReference; lastKnownFileType = sourcecode.swift; path = ViewModel.swift; sourceTree = "<group>"; };
		C0A29DEA2355A19A00D3B51D /* CustomCell.swift */ = {isa = PBXFileReference; lastKnownFileType = sourcecode.swift; path = CustomCell.swift; sourceTree = "<group>"; };
		C0A29DEC2355A1CE00D3B51D /* ConsumablesCell.xib */ = {isa = PBXFileReference; lastKnownFileType = file.xib; path = ConsumablesCell.xib; sourceTree = "<group>"; };
		C0A29DEE2355A1F800D3B51D /* NonConsumablesCell.xib */ = {isa = PBXFileReference; lastKnownFileType = file.xib; path = NonConsumablesCell.xib; sourceTree = "<group>"; };
		C0A29DF62355B0DC00D3B51D /* IAP_ProductIDs.plist */ = {isa = PBXFileReference; lastKnownFileType = text.plist.xml; path = IAP_ProductIDs.plist; sourceTree = "<group>"; };
/* End PBXFileReference section */

/* Begin PBXFrameworksBuildPhase section */
		C0A29DC223559B9400D3B51D /* Frameworks */ = {
			isa = PBXFrameworksBuildPhase;
			buildActionMask = 2147483647;
			files = (
			);
			runOnlyForDeploymentPostprocessing = 0;
		};
/* End PBXFrameworksBuildPhase section */

/* Begin PBXGroup section */
		C0A29DBC23559B9400D3B51D = {
			isa = PBXGroup;
			children = (
				C0A29DC723559B9400D3B51D /* FakeGame */,
				C0A29DC623559B9400D3B51D /* Products */,
			);
			sourceTree = "<group>";
		};
		C0A29DC623559B9400D3B51D /* Products */ = {
			isa = PBXGroup;
			children = (
				C0A29DC523559B9400D3B51D /* FakeGame.app */,
			);
			name = Products;
			sourceTree = "<group>";
		};
		C0A29DC723559B9400D3B51D /* FakeGame */ = {
			isa = PBXGroup;
			children = (
				C0A29DE023559BEE00D3B51D /* In-App Purchases */,
				C0A29DDC23559BB100D3B51D /* Model */,
				C0A29DDE23559BBA00D3B51D /* View Model */,
				C0A29DDD23559BB500D3B51D /* View */,
				C0A29DDF23559BD500D3B51D /* Other */,
				C0A29DE523559C5900D3B51D /* SettingsManageable Protocol */,
				C0A29DCE23559B9400D3B51D /* Main.storyboard */,
				C0A29DD123559B9600D3B51D /* Assets.xcassets */,
				C0A29DD323559B9600D3B51D /* LaunchScreen.storyboard */,
				C0A29DD623559B9600D3B51D /* Info.plist */,
			);
			path = FakeGame;
			sourceTree = "<group>";
		};
		C0A29DDC23559BB100D3B51D /* Model */ = {
			isa = PBXGroup;
			children = (
				C0A29DE323559C1800D3B51D /* Model.swift */,
			);
			path = Model;
			sourceTree = "<group>";
		};
		C0A29DDD23559BB500D3B51D /* View */ = {
			isa = PBXGroup;
			children = (
				C0A29DCC23559B9400D3B51D /* ViewController.swift */,
				C0A29DEA2355A19A00D3B51D /* CustomCell.swift */,
				C0A29DEC2355A1CE00D3B51D /* ConsumablesCell.xib */,
				C0A29DEE2355A1F800D3B51D /* NonConsumablesCell.xib */,
			);
			path = View;
			sourceTree = "<group>";
		};
		C0A29DDE23559BBA00D3B51D /* View Model */ = {
			isa = PBXGroup;
			children = (
				C0A29DE823559C8B00D3B51D /* ViewModel.swift */,
			);
			path = "View Model";
			sourceTree = "<group>";
		};
		C0A29DDF23559BD500D3B51D /* Other */ = {
			isa = PBXGroup;
			children = (
				C0A29DC823559B9400D3B51D /* AppDelegate.swift */,
				C0A29DCA23559B9400D3B51D /* SceneDelegate.swift */,
			);
			path = Other;
			sourceTree = "<group>";
		};
		C0A29DE023559BEE00D3B51D /* In-App Purchases */ = {
			isa = PBXGroup;
			children = (
				C0A29DE123559C0000D3B51D /* IAPManager.swift */,
				C0A29DF62355B0DC00D3B51D /* IAP_ProductIDs.plist */,
			);
			path = "In-App Purchases";
			sourceTree = "<group>";
		};
		C0A29DE523559C5900D3B51D /* SettingsManageable Protocol */ = {
			isa = PBXGroup;
			children = (
				C0A29DE623559C6A00D3B51D /* SettingsManageable.swift */,
			);
			path = "SettingsManageable Protocol";
			sourceTree = "<group>";
		};
/* End PBXGroup section */

/* Begin PBXNativeTarget section */
		C0A29DC423559B9400D3B51D /* FakeGame */ = {
			isa = PBXNativeTarget;
			buildConfigurationList = C0A29DD923559B9600D3B51D /* Build configuration list for PBXNativeTarget "FakeGame" */;
			buildPhases = (
				C0A29DC123559B9400D3B51D /* Sources */,
				C0A29DC223559B9400D3B51D /* Frameworks */,
				C0A29DC323559B9400D3B51D /* Resources */,
			);
			buildRules = (
			);
			dependencies = (
			);
			name = FakeGame;
			productName = FakeGame;
			productReference = C0A29DC523559B9400D3B51D /* FakeGame.app */;
			productType = "com.apple.product-type.application";
		};
/* End PBXNativeTarget section */

/* Begin PBXProject section */
		C0A29DBD23559B9400D3B51D /* Project object */ = {
			isa = PBXProject;
			attributes = {
				LastSwiftUpdateCheck = 1110;
				LastUpgradeCheck = 1110;
				ORGANIZATIONNAME = Appcoda;
				TargetAttributes = {
					C0A29DC423559B9400D3B51D = {
						CreatedOnToolsVersion = 11.1;
					};
				};
			};
			buildConfigurationList = C0A29DC023559B9400D3B51D /* Build configuration list for PBXProject "FakeGame" */;
			compatibilityVersion = "Xcode 9.3";
			developmentRegion = en;
			hasScannedForEncodings = 0;
			knownRegions = (
				en,
				Base,
			);
			mainGroup = C0A29DBC23559B9400D3B51D;
			productRefGroup = C0A29DC623559B9400D3B51D /* Products */;
			projectDirPath = "";
			projectRoot = "";
			targets = (
				C0A29DC423559B9400D3B51D /* FakeGame */,
			);
		};
/* End PBXProject section */

/* Begin PBXResourcesBuildPhase section */
		C0A29DC323559B9400D3B51D /* Resources */ = {
			isa = PBXResourcesBuildPhase;
			buildActionMask = 2147483647;
			files = (
				C0A29DF72355B0DC00D3B51D /* IAP_ProductIDs.plist in Resources */,
				C0A29DED2355A1CE00D3B51D /* ConsumablesCell.xib in Resources */,
				C0A29DD523559B9600D3B51D /* LaunchScreen.storyboard in Resources */,
				C0A29DD223559B9600D3B51D /* Assets.xcassets in Resources */,
				C0A29DEF2355A1F800D3B51D /* NonConsumablesCell.xib in Resources */,
				C0A29DD023559B9400D3B51D /* Main.storyboard in Resources */,
			);
			runOnlyForDeploymentPostprocessing = 0;
		};
/* End PBXResourcesBuildPhase section */

/* Begin PBXSourcesBuildPhase section */
		C0A29DC123559B9400D3B51D /* Sources */ = {
			isa = PBXSourcesBuildPhase;
			buildActionMask = 2147483647;
			files = (
				C0A29DE423559C1900D3B51D /* Model.swift in Sources */,
				C0A29DE223559C0000D3B51D /* IAPManager.swift in Sources */,
				C0A29DCD23559B9400D3B51D /* ViewController.swift in Sources */,
				C0A29DC923559B9400D3B51D /* AppDelegate.swift in Sources */,
				C0A29DCB23559B9400D3B51D /* SceneDelegate.swift in Sources */,
				C0A29DE723559C6A00D3B51D /* SettingsManageable.swift in Sources */,
				C0A29DEB2355A19A00D3B51D /* CustomCell.swift in Sources */,
				C0A29DE923559C8B00D3B51D /* ViewModel.swift in Sources */,
			);
			runOnlyForDeploymentPostprocessing = 0;
		};
/* End PBXSourcesBuildPhase section */

/* Begin PBXVariantGroup section */
		C0A29DCE23559B9400D3B51D /* Main.storyboard */ = {
			isa = PBXVariantGroup;
			children = (
				C0A29DCF23559B9400D3B51D /* Base */,
			);
			name = Main.storyboard;
			sourceTree = "<group>";
		};
		C0A29DD323559B9600D3B51D /* LaunchScreen.storyboard */ = {
			isa = PBXVariantGroup;
			children = (
				C0A29DD423559B9600D3B51D /* Base */,
			);
			name = LaunchScreen.storyboard;
			sourceTree = "<group>";
		};
/* End PBXVariantGroup section */

/* Begin XCBuildConfiguration section */
		C0A29DD723559B9600D3B51D /* Debug */ = {
			isa = XCBuildConfiguration;
			buildSettings = {
				ALWAYS_SEARCH_USER_PATHS = NO;
				CLANG_ANALYZER_NONNULL = YES;
				CLANG_ANALYZER_NUMBER_OBJECT_CONVERSION = YES_AGGRESSIVE;
				CLANG_CXX_LANGUAGE_STANDARD = "gnu++14";
				CLANG_CXX_LIBRARY = "libc++";
				CLANG_ENABLE_MODULES = YES;
				CLANG_ENABLE_OBJC_ARC = YES;
				CLANG_ENABLE_OBJC_WEAK = YES;
				CLANG_WARN_BLOCK_CAPTURE_AUTORELEASING = YES;
				CLANG_WARN_BOOL_CONVERSION = YES;
				CLANG_WARN_COMMA = YES;
				CLANG_WARN_CONSTANT_CONVERSION = YES;
				CLANG_WARN_DEPRECATED_OBJC_IMPLEMENTATIONS = YES;
				CLANG_WARN_DIRECT_OBJC_ISA_USAGE = YES_ERROR;
				CLANG_WARN_DOCUMENTATION_COMMENTS = YES;
				CLANG_WARN_EMPTY_BODY = YES;
				CLANG_WARN_ENUM_CONVERSION = YES;
				CLANG_WARN_INFINITE_RECURSION = YES;
				CLANG_WARN_INT_CONVERSION = YES;
				CLANG_WARN_NON_LITERAL_NULL_CONVERSION = YES;
				CLANG_WARN_OBJC_IMPLICIT_RETAIN_SELF = YES;
				CLANG_WARN_OBJC_LITERAL_CONVERSION = YES;
				CLANG_WARN_OBJC_ROOT_CLASS = YES_ERROR;
				CLANG_WARN_RANGE_LOOP_ANALYSIS = YES;
				CLANG_WARN_STRICT_PROTOTYPES = YES;
				CLANG_WARN_SUSPICIOUS_MOVE = YES;
				CLANG_WARN_UNGUARDED_AVAILABILITY = YES_AGGRESSIVE;
				CLANG_WARN_UNREACHABLE_CODE = YES;
				CLANG_WARN__DUPLICATE_METHOD_MATCH = YES;
				COPY_PHASE_STRIP = NO;
				DEBUG_INFORMATION_FORMAT = dwarf;
				ENABLE_STRICT_OBJC_MSGSEND = YES;
				ENABLE_TESTABILITY = YES;
				GCC_C_LANGUAGE_STANDARD = gnu11;
				GCC_DYNAMIC_NO_PIC = NO;
				GCC_NO_COMMON_BLOCKS = YES;
				GCC_OPTIMIZATION_LEVEL = 0;
				GCC_PREPROCESSOR_DEFINITIONS = (
					"DEBUG=1",
					"$(inherited)",
				);
				GCC_WARN_64_TO_32_BIT_CONVERSION = YES;
				GCC_WARN_ABOUT_RETURN_TYPE = YES_ERROR;
				GCC_WARN_UNDECLARED_SELECTOR = YES;
				GCC_WARN_UNINITIALIZED_AUTOS = YES_AGGRESSIVE;
				GCC_WARN_UNUSED_FUNCTION = YES;
				GCC_WARN_UNUSED_VARIABLE = YES;
				IPHONEOS_DEPLOYMENT_TARGET = 13.1;
				MTL_ENABLE_DEBUG_INFO = INCLUDE_SOURCE;
				MTL_FAST_MATH = YES;
				ONLY_ACTIVE_ARCH = YES;
				SDKROOT = iphoneos;
				SWIFT_ACTIVE_COMPILATION_CONDITIONS = DEBUG;
				SWIFT_OPTIMIZATION_LEVEL = "-Onone";
			};
			name = Debug;
		};
		C0A29DD823559B9600D3B51D /* Release */ = {
			isa = XCBuildConfiguration;
			buildSettings = {
				ALWAYS_SEARCH_USER_PATHS = NO;
				CLANG_ANALYZER_NONNULL = YES;
				CLANG_ANALYZER_NUMBER_OBJECT_CONVERSION = YES_AGGRESSIVE;
				CLANG_CXX_LANGUAGE_STANDARD = "gnu++14";
				CLANG_CXX_LIBRARY = "libc++";
				CLANG_ENABLE_MODULES = YES;
				CLANG_ENABLE_OBJC_ARC = YES;
				CLANG_ENABLE_OBJC_WEAK = YES;
				CLANG_WARN_BLOCK_CAPTURE_AUTORELEASING = YES;
				CLANG_WARN_BOOL_CONVERSION = YES;
				CLANG_WARN_COMMA = YES;
				CLANG_WARN_CONSTANT_CONVERSION = YES;
				CLANG_WARN_DEPRECATED_OBJC_IMPLEMENTATIONS = YES;
				CLANG_WARN_DIRECT_OBJC_ISA_USAGE = YES_ERROR;
				CLANG_WARN_DOCUMENTATION_COMMENTS = YES;
				CLANG_WARN_EMPTY_BODY = YES;
				CLANG_WARN_ENUM_CONVERSION = YES;
				CLANG_WARN_INFINITE_RECURSION = YES;
				CLANG_WARN_INT_CONVERSION = YES;
				CLANG_WARN_NON_LITERAL_NULL_CONVERSION = YES;
				CLANG_WARN_OBJC_IMPLICIT_RETAIN_SELF = YES;
				CLANG_WARN_OBJC_LITERAL_CONVERSION = YES;
				CLANG_WARN_OBJC_ROOT_CLASS = YES_ERROR;
				CLANG_WARN_RANGE_LOOP_ANALYSIS = YES;
				CLANG_WARN_STRICT_PROTOTYPES = YES;
				CLANG_WARN_SUSPICIOUS_MOVE = YES;
				CLANG_WARN_UNGUARDED_AVAILABILITY = YES_AGGRESSIVE;
				CLANG_WARN_UNREACHABLE_CODE = YES;
				CLANG_WARN__DUPLICATE_METHOD_MATCH = YES;
				COPY_PHASE_STRIP = NO;
				DEBUG_INFORMATION_FORMAT = "dwarf-with-dsym";
				ENABLE_NS_ASSERTIONS = NO;
				ENABLE_STRICT_OBJC_MSGSEND = YES;
				GCC_C_LANGUAGE_STANDARD = gnu11;
				GCC_NO_COMMON_BLOCKS = YES;
				GCC_WARN_64_TO_32_BIT_CONVERSION = YES;
				GCC_WARN_ABOUT_RETURN_TYPE = YES_ERROR;
				GCC_WARN_UNDECLARED_SELECTOR = YES;
				GCC_WARN_UNINITIALIZED_AUTOS = YES_AGGRESSIVE;
				GCC_WARN_UNUSED_FUNCTION = YES;
				GCC_WARN_UNUSED_VARIABLE = YES;
				IPHONEOS_DEPLOYMENT_TARGET = 13.1;
				MTL_ENABLE_DEBUG_INFO = NO;
				MTL_FAST_MATH = YES;
				SDKROOT = iphoneos;
				SWIFT_COMPILATION_MODE = wholemodule;
				SWIFT_OPTIMIZATION_LEVEL = "-O";
				VALIDATE_PRODUCT = YES;
			};
			name = Release;
		};
		C0A29DDA23559B9600D3B51D /* Debug */ = {
			isa = XCBuildConfiguration;
			buildSettings = {
				ASSETCATALOG_COMPILER_APPICON_NAME = AppIcon;
				CODE_SIGN_STYLE = Automatic;
				DEVELOPMENT_TEAM = 9BTCAVN99V;
				INFOPLIST_FILE = FakeGame/Info.plist;
				LD_RUNPATH_SEARCH_PATHS = (
					"$(inherited)",
					"@executable_path/Frameworks",
				);
				PRODUCT_BUNDLE_IDENTIFIER = com.appcoda.FakeGame;
				PRODUCT_NAME = "$(TARGET_NAME)";
				SWIFT_VERSION = 5.0;
				TARGETED_DEVICE_FAMILY = "1,2";
			};
			name = Debug;
		};
		C0A29DDB23559B9600D3B51D /* Release */ = {
			isa = XCBuildConfiguration;
			buildSettings = {
				ASSETCATALOG_COMPILER_APPICON_NAME = AppIcon;
				CODE_SIGN_STYLE = Automatic;
				DEVELOPMENT_TEAM = 9BTCAVN99V;
				INFOPLIST_FILE = FakeGame/Info.plist;
				LD_RUNPATH_SEARCH_PATHS = (
					"$(inherited)",
					"@executable_path/Frameworks",
				);
				PRODUCT_BUNDLE_IDENTIFIER = com.appcoda.FakeGame;
				PRODUCT_NAME = "$(TARGET_NAME)";
				SWIFT_VERSION = 5.0;
				TARGETED_DEVICE_FAMILY = "1,2";
			};
			name = Release;
		};
/* End XCBuildConfiguration section */

/* Begin XCConfigurationList section */
		C0A29DC023559B9400D3B51D /* Build configuration list for PBXProject "FakeGame" */ = {
			isa = XCConfigurationList;
			buildConfigurations = (
				C0A29DD723559B9600D3B51D /* Debug */,
				C0A29DD823559B9600D3B51D /* Release */,
			);
			defaultConfigurationIsVisible = 0;
			defaultConfigurationName = Release;
		};
		C0A29DD923559B9600D3B51D /* Build configuration list for PBXNativeTarget "FakeGame" */ = {
			isa = XCConfigurationList;
			buildConfigurations = (
				C0A29DDA23559B9600D3B51D /* Debug */,
				C0A29DDB23559B9600D3B51D /* Release */,
			);
			defaultConfigurationIsVisible = 0;
			defaultConfigurationName = Release;
		};
/* End XCConfigurationList section */
	};
	rootObject = C0A29DBD23559B9400D3B51D /* Project object */;
}
